// !$*UTF8*$!
{
	archiveVersion = 1;
	classes = {
	};
	objectVersion = 50;
	objects = {

/* Begin PBXBuildFile section */
		53CAE4CA2389ECD5001C224A /* AppDelegate.swift in Sources */ = {isa = PBXBuildFile; fileRef = 53CAE4C92389ECD5001C224A /* AppDelegate.swift */; };
		53CAE4CC2389ECD5001C224A /* SceneDelegate.swift in Sources */ = {isa = PBXBuildFile; fileRef = 53CAE4CB2389ECD5001C224A /* SceneDelegate.swift */; };
		53CAE4CE2389ECD5001C224A /* ContentView.swift in Sources */ = {isa = PBXBuildFile; fileRef = 53CAE4CD2389ECD5001C224A /* ContentView.swift */; };
		53CAE4D02389ECD7001C224A /* Assets.xcassets in Resources */ = {isa = PBXBuildFile; fileRef = 53CAE4CF2389ECD7001C224A /* Assets.xcassets */; };
		53CAE4D32389ECD7001C224A /* Preview Assets.xcassets in Resources */ = {isa = PBXBuildFile; fileRef = 53CAE4D22389ECD7001C224A /* Preview Assets.xcassets */; };
		53CAE4D62389ECD7001C224A /* LaunchScreen.storyboard in Resources */ = {isa = PBXBuildFile; fileRef = 53CAE4D42389ECD7001C224A /* LaunchScreen.storyboard */; };
		53CAE4E12389ECD7001C224A /* kotlinIOSTests.swift in Sources */ = {isa = PBXBuildFile; fileRef = 53CAE4E02389ECD7001C224A /* kotlinIOSTests.swift */; };
		53CAE4EC2389ECD7001C224A /* kotlinIOSUITests.swift in Sources */ = {isa = PBXBuildFile; fileRef = 53CAE4EB2389ECD7001C224A /* kotlinIOSUITests.swift */; };
		53CAE5062389F6D4001C224A /* SharedCode.framework in Frameworks */ = {isa = PBXBuildFile; fileRef = 53CAE5052389F6D4001C224A /* SharedCode.framework */; };
		53CAE5072389F6D4001C224A /* SharedCode.framework in Embed Frameworks */ = {isa = PBXBuildFile; fileRef = 53CAE5052389F6D4001C224A /* SharedCode.framework */; settings = {ATTRIBUTES = (CodeSignOnCopy, RemoveHeadersOnCopy, ); }; };
/* End PBXBuildFile section */

/* Begin PBXContainerItemProxy section */
		53CAE4DD2389ECD7001C224A /* PBXContainerItemProxy */ = {
			isa = PBXContainerItemProxy;
			containerPortal = 53CAE4BE2389ECD5001C224A /* Project object */;
			proxyType = 1;
			remoteGlobalIDString = 53CAE4C52389ECD5001C224A;
			remoteInfo = kotlinIOS;
		};
		53CAE4E82389ECD7001C224A /* PBXContainerItemProxy */ = {
			isa = PBXContainerItemProxy;
			containerPortal = 53CAE4BE2389ECD5001C224A /* Project object */;
			proxyType = 1;
			remoteGlobalIDString = 53CAE4C52389ECD5001C224A;
			remoteInfo = kotlinIOS;
		};
/* End PBXContainerItemProxy section */

/* Begin PBXCopyFilesBuildPhase section */
		53CAE5082389F6D4001C224A /* Embed Frameworks */ = {
			isa = PBXCopyFilesBuildPhase;
			buildActionMask = 2147483647;
			dstPath = "";
			dstSubfolderSpec = 10;
			files = (
				53CAE5072389F6D4001C224A /* SharedCode.framework in Embed Frameworks */,
			);
			name = "Embed Frameworks";
			runOnlyForDeploymentPostprocessing = 0;
		};
/* End PBXCopyFilesBuildPhase section */

/* Begin PBXFileReference section */
		53CAE4C62389ECD5001C224A /* kotlinIOS.app */ = {isa = PBXFileReference; explicitFileType = wrapper.application; includeInIndex = 0; path = kotlinIOS.app; sourceTree = BUILT_PRODUCTS_DIR; };
		53CAE4C92389ECD5001C224A /* AppDelegate.swift */ = {isa = PBXFileReference; lastKnownFileType = sourcecode.swift; path = AppDelegate.swift; sourceTree = "<group>"; };
		53CAE4CB2389ECD5001C224A /* SceneDelegate.swift */ = {isa = PBXFileReference; lastKnownFileType = sourcecode.swift; path = SceneDelegate.swift; sourceTree = "<group>"; };
		53CAE4CD2389ECD5001C224A /* ContentView.swift */ = {isa = PBXFileReference; lastKnownFileType = sourcecode.swift; path = ContentView.swift; sourceTree = "<group>"; };
		53CAE4CF2389ECD7001C224A /* Assets.xcassets */ = {isa = PBXFileReference; lastKnownFileType = folder.assetcatalog; path = Assets.xcassets; sourceTree = "<group>"; };
		53CAE4D22389ECD7001C224A /* Preview Assets.xcassets */ = {isa = PBXFileReference; lastKnownFileType = folder.assetcatalog; path = "Preview Assets.xcassets"; sourceTree = "<group>"; };
		53CAE4D52389ECD7001C224A /* Base */ = {isa = PBXFileReference; lastKnownFileType = file.storyboard; name = Base; path = Base.lproj/LaunchScreen.storyboard; sourceTree = "<group>"; };
		53CAE4D72389ECD7001C224A /* Info.plist */ = {isa = PBXFileReference; lastKnownFileType = text.plist.xml; path = Info.plist; sourceTree = "<group>"; };
		53CAE4DC2389ECD7001C224A /* kotlinIOSTests.xctest */ = {isa = PBXFileReference; explicitFileType = wrapper.cfbundle; includeInIndex = 0; path = kotlinIOSTests.xctest; sourceTree = BUILT_PRODUCTS_DIR; };
		53CAE4E02389ECD7001C224A /* kotlinIOSTests.swift */ = {isa = PBXFileReference; lastKnownFileType = sourcecode.swift; path = kotlinIOSTests.swift; sourceTree = "<group>"; };
		53CAE4E22389ECD7001C224A /* Info.plist */ = {isa = PBXFileReference; lastKnownFileType = text.plist.xml; path = Info.plist; sourceTree = "<group>"; };
		53CAE4E72389ECD7001C224A /* kotlinIOSUITests.xctest */ = {isa = PBXFileReference; explicitFileType = wrapper.cfbundle; includeInIndex = 0; path = kotlinIOSUITests.xctest; sourceTree = BUILT_PRODUCTS_DIR; };
		53CAE4EB2389ECD7001C224A /* kotlinIOSUITests.swift */ = {isa = PBXFileReference; lastKnownFileType = sourcecode.swift; path = kotlinIOSUITests.swift; sourceTree = "<group>"; };
		53CAE4ED2389ECD7001C224A /* Info.plist */ = {isa = PBXFileReference; lastKnownFileType = text.plist.xml; path = Info.plist; sourceTree = "<group>"; };
		53CAE4FA2389EEC8001C224A /* SharedCode */ = {isa = PBXFileReference; lastKnownFileType = "compiled.mach-o.dylib"; name = SharedCode; path = "../../SharedCode/build/xcode-frameworks/SharedCode.framework/SharedCode"; sourceTree = "<group>"; };
		53CAE4FE2389EFEF001C224A /* SharedCode */ = {isa = PBXFileReference; lastKnownFileType = folder; name = SharedCode; path = ../../SharedCode; sourceTree = "<group>"; };
		53CAE4FF2389F038001C224A /* xcode-frameworks */ = {isa = PBXFileReference; lastKnownFileType = folder; name = "xcode-frameworks"; path = "../../SharedCode/build/xcode-frameworks"; sourceTree = "<group>"; };
		53CAE5042389F6B9001C224A /* bundleUpdateApp */ = {isa = PBXFileReference; lastKnownFileType = folder; name = bundleUpdateApp; path = ../../..; sourceTree = "<group>"; };
		53CAE5052389F6D4001C224A /* SharedCode.framework */ = {isa = PBXFileReference; lastKnownFileType = wrapper.framework; name = SharedCode.framework; path = "../../SharedCode/build/xcode-frameworks/SharedCode.framework"; sourceTree = "<group>"; };
/* End PBXFileReference section */

/* Begin PBXFrameworksBuildPhase section */
		53CAE4C32389ECD5001C224A /* Frameworks */ = {
			isa = PBXFrameworksBuildPhase;
			buildActionMask = 2147483647;
			files = (
				53CAE5062389F6D4001C224A /* SharedCode.framework in Frameworks */,
			);
			runOnlyForDeploymentPostprocessing = 0;
		};
		53CAE4D92389ECD7001C224A /* Frameworks */ = {
			isa = PBXFrameworksBuildPhase;
			buildActionMask = 2147483647;
			files = (
			);
			runOnlyForDeploymentPostprocessing = 0;
		};
		53CAE4E42389ECD7001C224A /* Frameworks */ = {
			isa = PBXFrameworksBuildPhase;
			buildActionMask = 2147483647;
			files = (
			);
			runOnlyForDeploymentPostprocessing = 0;
		};
/* End PBXFrameworksBuildPhase section */

/* Begin PBXGroup section */
		53CAE4BD2389ECD5001C224A = {
			isa = PBXGroup;
			children = (
				53CAE4C82389ECD5001C224A /* kotlinIOS */,
				53CAE4DF2389ECD7001C224A /* kotlinIOSTests */,
				53CAE4EA2389ECD7001C224A /* kotlinIOSUITests */,
				53CAE4C72389ECD5001C224A /* Products */,
				53CAE4F92389EEC8001C224A /* Frameworks */,
			);
			sourceTree = "<group>";
		};
		53CAE4C72389ECD5001C224A /* Products */ = {
			isa = PBXGroup;
			children = (
				53CAE4C62389ECD5001C224A /* kotlinIOS.app */,
				53CAE4DC2389ECD7001C224A /* kotlinIOSTests.xctest */,
				53CAE4E72389ECD7001C224A /* kotlinIOSUITests.xctest */,
			);
			name = Products;
			sourceTree = "<group>";
		};
		53CAE4C82389ECD5001C224A /* kotlinIOS */ = {
			isa = PBXGroup;
			children = (
				53CAE4C92389ECD5001C224A /* AppDelegate.swift */,
				53CAE4CB2389ECD5001C224A /* SceneDelegate.swift */,
				53CAE4CD2389ECD5001C224A /* ContentView.swift */,
				53CAE4CF2389ECD7001C224A /* Assets.xcassets */,
				53CAE4D42389ECD7001C224A /* LaunchScreen.storyboard */,
				53CAE4D72389ECD7001C224A /* Info.plist */,
				53CAE4D12389ECD7001C224A /* Preview Content */,
			);
			path = kotlinIOS;
			sourceTree = "<group>";
		};
		53CAE4D12389ECD7001C224A /* Preview Content */ = {
			isa = PBXGroup;
			children = (
				53CAE4D22389ECD7001C224A /* Preview Assets.xcassets */,
			);
			path = "Preview Content";
			sourceTree = "<group>";
		};
		53CAE4DF2389ECD7001C224A /* kotlinIOSTests */ = {
			isa = PBXGroup;
			children = (
				53CAE4E02389ECD7001C224A /* kotlinIOSTests.swift */,
				53CAE4E22389ECD7001C224A /* Info.plist */,
			);
			path = kotlinIOSTests;
			sourceTree = "<group>";
		};
		53CAE4EA2389ECD7001C224A /* kotlinIOSUITests */ = {
			isa = PBXGroup;
			children = (
				53CAE4EB2389ECD7001C224A /* kotlinIOSUITests.swift */,
				53CAE4ED2389ECD7001C224A /* Info.plist */,
			);
			path = kotlinIOSUITests;
			sourceTree = "<group>";
		};
		53CAE4F92389EEC8001C224A /* Frameworks */ = {
			isa = PBXGroup;
			children = (
				53CAE5052389F6D4001C224A /* SharedCode.framework */,
				53CAE5042389F6B9001C224A /* bundleUpdateApp */,
				53CAE4FF2389F038001C224A /* xcode-frameworks */,
				53CAE4FE2389EFEF001C224A /* SharedCode */,
				53CAE4FA2389EEC8001C224A /* SharedCode */,
			);
			name = Frameworks;
			sourceTree = "<group>";
		};
/* End PBXGroup section */

/* Begin PBXNativeTarget section */
		53CAE4C52389ECD5001C224A /* kotlinIOS */ = {
			isa = PBXNativeTarget;
			buildConfigurationList = 53CAE4F02389ECD7001C224A /* Build configuration list for PBXNativeTarget "kotlinIOS" */;
			buildPhases = (
				53CAE4C22389ECD5001C224A /* Sources */,
				53CAE4C32389ECD5001C224A /* Frameworks */,
				53CAE4C42389ECD5001C224A /* Resources */,
				53CAE5082389F6D4001C224A /* Embed Frameworks */,
			);
			buildRules = (
			);
			dependencies = (
			);
			name = kotlinIOS;
			productName = kotlinIOS;
			productReference = 53CAE4C62389ECD5001C224A /* kotlinIOS.app */;
			productType = "com.apple.product-type.application";
		};
		53CAE4DB2389ECD7001C224A /* kotlinIOSTests */ = {
			isa = PBXNativeTarget;
			buildConfigurationList = 53CAE4F32389ECD7001C224A /* Build configuration list for PBXNativeTarget "kotlinIOSTests" */;
			buildPhases = (
				53CAE5032389F1EE001C224A /* Run Script */,
				53CAE4D82389ECD7001C224A /* Sources */,
				53CAE4D92389ECD7001C224A /* Frameworks */,
				53CAE4DA2389ECD7001C224A /* Resources */,
			);
			buildRules = (
			);
			dependencies = (
				53CAE4DE2389ECD7001C224A /* PBXTargetDependency */,
			);
			name = kotlinIOSTests;
			productName = kotlinIOSTests;
			productReference = 53CAE4DC2389ECD7001C224A /* kotlinIOSTests.xctest */;
			productType = "com.apple.product-type.bundle.unit-test";
		};
		53CAE4E62389ECD7001C224A /* kotlinIOSUITests */ = {
			isa = PBXNativeTarget;
			buildConfigurationList = 53CAE4F62389ECD7001C224A /* Build configuration list for PBXNativeTarget "kotlinIOSUITests" */;
			buildPhases = (
				53CAE4E32389ECD7001C224A /* Sources */,
				53CAE4E42389ECD7001C224A /* Frameworks */,
				53CAE4E52389ECD7001C224A /* Resources */,
			);
			buildRules = (
			);
			dependencies = (
				53CAE4E92389ECD7001C224A /* PBXTargetDependency */,
			);
			name = kotlinIOSUITests;
			productName = kotlinIOSUITests;
			productReference = 53CAE4E72389ECD7001C224A /* kotlinIOSUITests.xctest */;
			productType = "com.apple.product-type.bundle.ui-testing";
		};
/* End PBXNativeTarget section */

/* Begin PBXProject section */
		53CAE4BE2389ECD5001C224A /* Project object */ = {
			isa = PBXProject;
			attributes = {
				LastSwiftUpdateCheck = 1120;
				LastUpgradeCheck = 1120;
				ORGANIZATIONNAME = madbulsa;
				TargetAttributes = {
					53CAE4C52389ECD5001C224A = {
						CreatedOnToolsVersion = 11.2.1;
					};
					53CAE4DB2389ECD7001C224A = {
						CreatedOnToolsVersion = 11.2.1;
						TestTargetID = 53CAE4C52389ECD5001C224A;
					};
					53CAE4E62389ECD7001C224A = {
						CreatedOnToolsVersion = 11.2.1;
						TestTargetID = 53CAE4C52389ECD5001C224A;
					};
				};
			};
			buildConfigurationList = 53CAE4C12389ECD5001C224A /* Build configuration list for PBXProject "kotlinIOS" */;
			compatibilityVersion = "Xcode 9.3";
			developmentRegion = en;
			hasScannedForEncodings = 0;
			knownRegions = (
				en,
				Base,
			);
			mainGroup = 53CAE4BD2389ECD5001C224A;
			productRefGroup = 53CAE4C72389ECD5001C224A /* Products */;
			projectDirPath = "";
			projectRoot = "";
			targets = (
				53CAE4C52389ECD5001C224A /* kotlinIOS */,
				53CAE4DB2389ECD7001C224A /* kotlinIOSTests */,
				53CAE4E62389ECD7001C224A /* kotlinIOSUITests */,
			);
		};
/* End PBXProject section */

/* Begin PBXResourcesBuildPhase section */
		53CAE4C42389ECD5001C224A /* Resources */ = {
			isa = PBXResourcesBuildPhase;
			buildActionMask = 2147483647;
			files = (
				53CAE4D62389ECD7001C224A /* LaunchScreen.storyboard in Resources */,
				53CAE4D32389ECD7001C224A /* Preview Assets.xcassets in Resources */,
				53CAE4D02389ECD7001C224A /* Assets.xcassets in Resources */,
			);
			runOnlyForDeploymentPostprocessing = 0;
		};
		53CAE4DA2389ECD7001C224A /* Resources */ = {
			isa = PBXResourcesBuildPhase;
			buildActionMask = 2147483647;
			files = (
			);
			runOnlyForDeploymentPostprocessing = 0;
		};
		53CAE4E52389ECD7001C224A /* Resources */ = {
			isa = PBXResourcesBuildPhase;
			buildActionMask = 2147483647;
			files = (
			);
			runOnlyForDeploymentPostprocessing = 0;
		};
/* End PBXResourcesBuildPhase section */

/* Begin PBXShellScriptBuildPhase section */
		53CAE5032389F1EE001C224A /* Run Script */ = {
			isa = PBXShellScriptBuildPhase;
			buildActionMask = 2147483647;
			files = (
			);
			inputFileListPaths = (
			);
			inputPaths = (
			);
			name = "Run Script";
			outputFileListPaths = (
			);
			outputPaths = (
			);
			runOnlyForDeploymentPostprocessing = 0;
			shellPath = /bin/sh;
			shellScript = "cd \"$SRCROOT/../../SharedCode/build/xcode-frameworks\"\n./gradlew :SharedCode:packForXCode -PXCODE_CONFIGURATION=${CONFIGURATION}\n";
		};
/* End PBXShellScriptBuildPhase section */

/* Begin PBXSourcesBuildPhase section */
		53CAE4C22389ECD5001C224A /* Sources */ = {
			isa = PBXSourcesBuildPhase;
			buildActionMask = 2147483647;
			files = (
				53CAE4CA2389ECD5001C224A /* AppDelegate.swift in Sources */,
				53CAE4CC2389ECD5001C224A /* SceneDelegate.swift in Sources */,
				53CAE4CE2389ECD5001C224A /* ContentView.swift in Sources */,
			);
			runOnlyForDeploymentPostprocessing = 0;
		};
		53CAE4D82389ECD7001C224A /* Sources */ = {
			isa = PBXSourcesBuildPhase;
			buildActionMask = 2147483647;
			files = (
				53CAE4E12389ECD7001C224A /* kotlinIOSTests.swift in Sources */,
			);
			runOnlyForDeploymentPostprocessing = 0;
		};
		53CAE4E32389ECD7001C224A /* Sources */ = {
			isa = PBXSourcesBuildPhase;
			buildActionMask = 2147483647;
			files = (
				53CAE4EC2389ECD7001C224A /* kotlinIOSUITests.swift in Sources */,
			);
			runOnlyForDeploymentPostprocessing = 0;
		};
/* End PBXSourcesBuildPhase section */

/* Begin PBXTargetDependency section */
		53CAE4DE2389ECD7001C224A /* PBXTargetDependency */ = {
			isa = PBXTargetDependency;
			target = 53CAE4C52389ECD5001C224A /* kotlinIOS */;
			targetProxy = 53CAE4DD2389ECD7001C224A /* PBXContainerItemProxy */;
		};
		53CAE4E92389ECD7001C224A /* PBXTargetDependency */ = {
			isa = PBXTargetDependency;
			target = 53CAE4C52389ECD5001C224A /* kotlinIOS */;
			targetProxy = 53CAE4E82389ECD7001C224A /* PBXContainerItemProxy */;
		};
/* End PBXTargetDependency section */

/* Begin PBXVariantGroup section */
		53CAE4D42389ECD7001C224A /* LaunchScreen.storyboard */ = {
			isa = PBXVariantGroup;
			children = (
				53CAE4D52389ECD7001C224A /* Base */,
			);
			name = LaunchScreen.storyboard;
			sourceTree = "<group>";
		};
/* End PBXVariantGroup section */

/* Begin XCBuildConfiguration section */
		53CAE4EE2389ECD7001C224A /* Debug */ = {
			isa = XCBuildConfiguration;
			buildSettings = {
				ALWAYS_SEARCH_USER_PATHS = NO;
				CLANG_ANALYZER_NONNULL = YES;
				CLANG_ANALYZER_NUMBER_OBJECT_CONVERSION = YES_AGGRESSIVE;
				CLANG_CXX_LANGUAGE_STANDARD = "gnu++14";
				CLANG_CXX_LIBRARY = "libc++";
				CLANG_ENABLE_MODULES = YES;
				CLANG_ENABLE_OBJC_ARC = YES;
				CLANG_ENABLE_OBJC_WEAK = YES;
				CLANG_WARN_BLOCK_CAPTURE_AUTORELEASING = YES;
				CLANG_WARN_BOOL_CONVERSION = YES;
				CLANG_WARN_COMMA = YES;
				CLANG_WARN_CONSTANT_CONVERSION = YES;
				CLANG_WARN_DEPRECATED_OBJC_IMPLEMENTATIONS = YES;
				CLANG_WARN_DIRECT_OBJC_ISA_USAGE = YES_ERROR;
				CLANG_WARN_DOCUMENTATION_COMMENTS = YES;
				CLANG_WARN_EMPTY_BODY = YES;
				CLANG_WARN_ENUM_CONVERSION = YES;
				CLANG_WARN_INFINITE_RECURSION = YES;
				CLANG_WARN_INT_CONVERSION = YES;
				CLANG_WARN_NON_LITERAL_NULL_CONVERSION = YES;
				CLANG_WARN_OBJC_IMPLICIT_RETAIN_SELF = YES;
				CLANG_WARN_OBJC_LITERAL_CONVERSION = YES;
				CLANG_WARN_OBJC_ROOT_CLASS = YES_ERROR;
				CLANG_WARN_RANGE_LOOP_ANALYSIS = YES;
				CLANG_WARN_STRICT_PROTOTYPES = YES;
				CLANG_WARN_SUSPICIOUS_MOVE = YES;
				CLANG_WARN_UNGUARDED_AVAILABILITY = YES_AGGRESSIVE;
				CLANG_WARN_UNREACHABLE_CODE = YES;
				CLANG_WARN__DUPLICATE_METHOD_MATCH = YES;
				COPY_PHASE_STRIP = NO;
				DEBUG_INFORMATION_FORMAT = dwarf;
				ENABLE_STRICT_OBJC_MSGSEND = YES;
				ENABLE_TESTABILITY = YES;
				FRAMEWORK_SEARCH_PATHS = "/Users/madbulsa/Dev/Android/bundleUpdateApp/TaxiAppKotlin/SharedCode/build/xcode-frameworks";
				GCC_C_LANGUAGE_STANDARD = gnu11;
				GCC_DYNAMIC_NO_PIC = NO;
				GCC_NO_COMMON_BLOCKS = YES;
				GCC_OPTIMIZATION_LEVEL = 0;
				GCC_PREPROCESSOR_DEFINITIONS = (
					"DEBUG=1",
					"$(inherited)",
				);
				GCC_WARN_64_TO_32_BIT_CONVERSION = YES;
				GCC_WARN_ABOUT_RETURN_TYPE = YES_ERROR;
				GCC_WARN_UNDECLARED_SELECTOR = YES;
				GCC_WARN_UNINITIALIZED_AUTOS = YES_AGGRESSIVE;
				GCC_WARN_UNUSED_FUNCTION = YES;
				GCC_WARN_UNUSED_VARIABLE = YES;
				IPHONEOS_DEPLOYMENT_TARGET = 13.2;
				MTL_ENABLE_DEBUG_INFO = INCLUDE_SOURCE;
				MTL_FAST_MATH = YES;
				ONLY_ACTIVE_ARCH = YES;
				SDKROOT = iphoneos;
				SWIFT_ACTIVE_COMPILATION_CONDITIONS = DEBUG;
				SWIFT_OPTIMIZATION_LEVEL = "-Onone";
			};
			name = Debug;
		};
		53CAE4EF2389ECD7001C224A /* Release */ = {
			isa = XCBuildConfiguration;
			buildSettings = {
				ALWAYS_SEARCH_USER_PATHS = NO;
				CLANG_ANALYZER_NONNULL = YES;
				CLANG_ANALYZER_NUMBER_OBJECT_CONVERSION = YES_AGGRESSIVE;
				CLANG_CXX_LANGUAGE_STANDARD = "gnu++14";
				CLANG_CXX_LIBRARY = "libc++";
				CLANG_ENABLE_MODULES = YES;
				CLANG_ENABLE_OBJC_ARC = YES;
				CLANG_ENABLE_OBJC_WEAK = YES;
				CLANG_WARN_BLOCK_CAPTURE_AUTORELEASING = YES;
				CLANG_WARN_BOOL_CONVERSION = YES;
				CLANG_WARN_COMMA = YES;
				CLANG_WARN_CONSTANT_CONVERSION = YES;
				CLANG_WARN_DEPRECATED_OBJC_IMPLEMENTATIONS = YES;
				CLANG_WARN_DIRECT_OBJC_ISA_USAGE = YES_ERROR;
				CLANG_WARN_DOCUMENTATION_COMMENTS = YES;
				CLANG_WARN_EMPTY_BODY = YES;
				CLANG_WARN_ENUM_CONVERSION = YES;
				CLANG_WARN_INFINITE_RECURSION = YES;
				CLANG_WARN_INT_CONVERSION = YES;
				CLANG_WARN_NON_LITERAL_NULL_CONVERSION = YES;
				CLANG_WARN_OBJC_IMPLICIT_RETAIN_SELF = YES;
				CLANG_WARN_OBJC_LITERAL_CONVERSION = YES;
				CLANG_WARN_OBJC_ROOT_CLASS = YES_ERROR;
				CLANG_WARN_RANGE_LOOP_ANALYSIS = YES;
				CLANG_WARN_STRICT_PROTOTYPES = YES;
				CLANG_WARN_SUSPICIOUS_MOVE = YES;
				CLANG_WARN_UNGUARDED_AVAILABILITY = YES_AGGRESSIVE;
				CLANG_WARN_UNREACHABLE_CODE = YES;
				CLANG_WARN__DUPLICATE_METHOD_MATCH = YES;
				COPY_PHASE_STRIP = NO;
				DEBUG_INFORMATION_FORMAT = "dwarf-with-dsym";
				ENABLE_NS_ASSERTIONS = NO;
				ENABLE_STRICT_OBJC_MSGSEND = YES;
				FRAMEWORK_SEARCH_PATHS = "/Users/madbulsa/Dev/Android/bundleUpdateApp/TaxiAppKotlin/SharedCode/build/xcode-frameworks";
				GCC_C_LANGUAGE_STANDARD = gnu11;
				GCC_NO_COMMON_BLOCKS = YES;
				GCC_WARN_64_TO_32_BIT_CONVERSION = YES;
				GCC_WARN_ABOUT_RETURN_TYPE = YES_ERROR;
				GCC_WARN_UNDECLARED_SELECTOR = YES;
				GCC_WARN_UNINITIALIZED_AUTOS = YES_AGGRESSIVE;
				GCC_WARN_UNUSED_FUNCTION = YES;
				GCC_WARN_UNUSED_VARIABLE = YES;
				IPHONEOS_DEPLOYMENT_TARGET = 13.2;
				MTL_ENABLE_DEBUG_INFO = NO;
				MTL_FAST_MATH = YES;
				SDKROOT = iphoneos;
				SWIFT_COMPILATION_MODE = wholemodule;
				SWIFT_OPTIMIZATION_LEVEL = "-O";
				VALIDATE_PRODUCT = YES;
			};
			name = Release;
		};
		53CAE4F12389ECD7001C224A /* Debug */ = {
			isa = XCBuildConfiguration;
			buildSettings = {
				ASSETCATALOG_COMPILER_APPICON_NAME = AppIcon;
				CODE_SIGN_STYLE = Automatic;
				DEVELOPMENT_ASSET_PATHS = "\"kotlinIOS/Preview Content\"";
				ENABLE_PREVIEWS = YES;
				INFOPLIST_FILE = kotlinIOS/Info.plist;
				LD_RUNPATH_SEARCH_PATHS = (
					"$(inherited)",
					"@executable_path/Frameworks",
				);
				PRODUCT_BUNDLE_IDENTIFIER = com.example.taxiappkotlin.kotlinIOS;
				PRODUCT_NAME = "$(TARGET_NAME)";
				SWIFT_VERSION = 5.0;
				TARGETED_DEVICE_FAMILY = "1,2";
			};
			name = Debug;
		};
		53CAE4F22389ECD7001C224A /* Release */ = {
			isa = XCBuildConfiguration;
			buildSettings = {
				ASSETCATALOG_COMPILER_APPICON_NAME = AppIcon;
				CODE_SIGN_STYLE = Automatic;
				DEVELOPMENT_ASSET_PATHS = "\"kotlinIOS/Preview Content\"";
				ENABLE_PREVIEWS = YES;
				INFOPLIST_FILE = kotlinIOS/Info.plist;
				LD_RUNPATH_SEARCH_PATHS = (
					"$(inherited)",
					"@executable_path/Frameworks",
				);
				PRODUCT_BUNDLE_IDENTIFIER = com.example.taxiappkotlin.kotlinIOS;
				PRODUCT_NAME = "$(TARGET_NAME)";
				SWIFT_VERSION = 5.0;
				TARGETED_DEVICE_FAMILY = "1,2";
			};
			name = Release;
		};
		53CAE4F42389ECD7001C224A /* Debug */ = {
			isa = XCBuildConfiguration;
			buildSettings = {
				ALWAYS_EMBED_SWIFT_STANDARD_LIBRARIES = YES;
				BUNDLE_LOADER = "$(TEST_HOST)";
				CODE_SIGN_STYLE = Automatic;
				INFOPLIST_FILE = kotlinIOSTests/Info.plist;
				IPHONEOS_DEPLOYMENT_TARGET = 13.2;
				LD_RUNPATH_SEARCH_PATHS = (
					"$(inherited)",
					"@executable_path/Frameworks",
					"@loader_path/Frameworks",
				);
				PRODUCT_BUNDLE_IDENTIFIER = com.example.taxiappkotlin.kotlinIOSTests;
				PRODUCT_NAME = "$(TARGET_NAME)";
				SWIFT_VERSION = 5.0;
				TARGETED_DEVICE_FAMILY = "1,2";
				TEST_HOST = "$(BUILT_PRODUCTS_DIR)/kotlinIOS.app/kotlinIOS";
			};
			name = Debug;
		};
		53CAE4F52389ECD7001C224A /* Release */ = {
			isa = XCBuildConfiguration;
			buildSettings = {
				ALWAYS_EMBED_SWIFT_STANDARD_LIBRARIES = YES;
				BUNDLE_LOADER = "$(TEST_HOST)";
				CODE_SIGN_STYLE = Automatic;
				INFOPLIST_FILE = kotlinIOSTests/Info.plist;
				IPHONEOS_DEPLOYMENT_TARGET = 13.2;
				LD_RUNPATH_SEARCH_PATHS = (
					"$(inherited)",
					"@executable_path/Frameworks",
					"@loader_path/Frameworks",
				);
				PRODUCT_BUNDLE_IDENTIFIER = com.example.taxiappkotlin.kotlinIOSTests;
				PRODUCT_NAME = "$(TARGET_NAME)";
				SWIFT_VERSION = 5.0;
				TARGETED_DEVICE_FAMILY = "1,2";
				TEST_HOST = "$(BUILT_PRODUCTS_DIR)/kotlinIOS.app/kotlinIOS";
			};
			name = Release;
		};
		53CAE4F72389ECD7001C224A /* Debug */ = {
			isa = XCBuildConfiguration;
			buildSettings = {
				ALWAYS_EMBED_SWIFT_STANDARD_LIBRARIES = YES;
				CODE_SIGN_STYLE = Automatic;
				INFOPLIST_FILE = kotlinIOSUITests/Info.plist;
				LD_RUNPATH_SEARCH_PATHS = (
					"$(inherited)",
					"@executable_path/Frameworks",
					"@loader_path/Frameworks",
				);
				PRODUCT_BUNDLE_IDENTIFIER = com.example.taxiappkotlin.kotlinIOSUITests;
				PRODUCT_NAME = "$(TARGET_NAME)";
				SWIFT_VERSION = 5.0;
				TARGETED_DEVICE_FAMILY = "1,2";
				TEST_TARGET_NAME = kotlinIOS;
			};
			name = Debug;
		};
		53CAE4F82389ECD7001C224A /* Release */ = {
			isa = XCBuildConfiguration;
			buildSettings = {
				ALWAYS_EMBED_SWIFT_STANDARD_LIBRARIES = YES;
				CODE_SIGN_STYLE = Automatic;
				INFOPLIST_FILE = kotlinIOSUITests/Info.plist;
				LD_RUNPATH_SEARCH_PATHS = (
					"$(inherited)",
					"@executable_path/Frameworks",
					"@loader_path/Frameworks",
				);
				PRODUCT_BUNDLE_IDENTIFIER = com.example.taxiappkotlin.kotlinIOSUITests;
				PRODUCT_NAME = "$(TARGET_NAME)";
				SWIFT_VERSION = 5.0;
				TARGETED_DEVICE_FAMILY = "1,2";
				TEST_TARGET_NAME = kotlinIOS;
			};
			name = Release;
		};
/* End XCBuildConfiguration section */

/* Begin XCConfigurationList section */
		53CAE4C12389ECD5001C224A /* Build configuration list for PBXProject "kotlinIOS" */ = {
			isa = XCConfigurationList;
			buildConfigurations = (
				53CAE4EE2389ECD7001C224A /* Debug */,
				53CAE4EF2389ECD7001C224A /* Release */,
			);
			defaultConfigurationIsVisible = 0;
			defaultConfigurationName = Release;
		};
		53CAE4F02389ECD7001C224A /* Build configuration list for PBXNativeTarget "kotlinIOS" */ = {
			isa = XCConfigurationList;
			buildConfigurations = (
				53CAE4F12389ECD7001C224A /* Debug */,
				53CAE4F22389ECD7001C224A /* Release */,
			);
			defaultConfigurationIsVisible = 0;
			defaultConfigurationName = Release;
		};
		53CAE4F32389ECD7001C224A /* Build configuration list for PBXNativeTarget "kotlinIOSTests" */ = {
			isa = XCConfigurationList;
			buildConfigurations = (
				53CAE4F42389ECD7001C224A /* Debug */,
				53CAE4F52389ECD7001C224A /* Release */,
			);
			defaultConfigurationIsVisible = 0;
			defaultConfigurationName = Release;
		};
		53CAE4F62389ECD7001C224A /* Build configuration list for PBXNativeTarget "kotlinIOSUITests" */ = {
			isa = XCConfigurationList;
			buildConfigurations = (
				53CAE4F72389ECD7001C224A /* Debug */,
				53CAE4F82389ECD7001C224A /* Release */,
			);
			defaultConfigurationIsVisible = 0;
			defaultConfigurationName = Release;
		};
/* End XCConfigurationList section */
	};
	rootObject = 53CAE4BE2389ECD5001C224A /* Project object */;
}
